
Microsoft Visual Studio Solution File, Format Version 12.00
# Visual Studio Version 16
VisualStudioVersion = 16.0.33214.272
MinimumVisualStudioVersion = 10.0.40219.1
Project("{8BC9CEB8-8B4A-11D0-8D11-00A0C91BC942}") = "dxgi", "dxgi\dxgi.vcxproj", "{33502C98-0BE7-4765-B4EE-E7D01DBAB3BA}"
EndProject
Project("{8BC9CEB8-8B4A-11D0-8D11-00A0C91BC942}") = "gdi", "gdi\gdi.vcxproj", "{C432FD2F-1DD0-455D-8D54-C81184F1DA48}"
EndProject
Project("{8BC9CEB8-8B4A-11D0-8D11-00A0C91BC942}") = "mag", "mag\mag.vcxproj", "{58027334-9DBB-489D-9D62-F8D2E3F45904}"
EndProject
Project("{8BC9CEB8-8B4A-11D0-8D11-00A0C91BC942}") = "d3d", "d3d\d3d.vcxproj", "{1336CF06-FDE9-4224-AD32-BEE0C32728B8}"
EndProject
Project("{8BC9CEB8-8B4A-11D0-8D11-00A0C91BC942}") = "thumbnail", "thumbnail\thumbnail.vcxproj", "{105FE1CD-2BF3-4586-A553-70D64A0FBD9A}"
EndProject
Project("{8BC9CEB8-8B4A-11D0-8D11-00A0C91BC942}") = "TestSetWindowDisplayAffinity", "TestSetWindowDisplayAffinity\TestSetWindowDisplayAffinity.vcxproj", "{48577C3D-0EF0-4193-B11D-364F24A34843}"
EndProject
Project("{8BC9CEB8-8B4A-11D0-8D11-00A0C91BC942}") = "HookSnapShot", "HookSnapShot\HookSnapShot.vcxproj", "{16213C87-87D7-41A6-A69A-CF026D43112E}"
EndProject
Global
	GlobalSection(SolutionConfigurationPlatforms) = preSolution
		Debug|Win32 = Debug|Win32
		Debug|x64 = Debug|x64
		Release|Win32 = Release|Win32
		Release|x64 = Release|x64
	EndGlobalSection
	GlobalSection(ProjectConfigurationPlatforms) = postSolution
		{33502C98-0BE7-4765-B4EE-E7D01DBAB3BA}.Debug|Win32.ActiveCfg = Debug|Win32
		{33502C98-0BE7-4765-B4EE-E7D01DBAB3BA}.Debug|Win32.Build.0 = Debug|Win32
		{33502C98-0BE7-4765-B4EE-E7D01DBAB3BA}.Debug|x64.ActiveCfg = Debug|x64
		{33502C98-0BE7-4765-B4EE-E7D01DBAB3BA}.Debug|x64.Build.0 = Debug|x64
		{33502C98-0BE7-4765-B4EE-E7D01DBAB3BA}.Release|Win32.ActiveCfg = Release|Win32
		{33502C98-0BE7-4765-B4EE-E7D01DBAB3BA}.Release|Win32.Build.0 = Release|Win32
		{33502C98-0BE7-4765-B4EE-E7D01DBAB3BA}.Release|x64.ActiveCfg = Release|x64
		{33502C98-0BE7-4765-B4EE-E7D01DBAB3BA}.Release|x64.Build.0 = Release|x64
		{33502C98-0BE7-4765-B4EE-E7D01DBAB3BA}.Release|x64.Deploy.0 = Release|x64
		{C432FD2F-1DD0-455D-8D54-C81184F1DA48}.Debug|Win32.ActiveCfg = Debug|Win32
		{C432FD2F-1DD0-455D-8D54-C81184F1DA48}.Debug|Win32.Build.0 = Debug|Win32
		{C432FD2F-1DD0-455D-8D54-C81184F1DA48}.Debug|x64.ActiveCfg = Debug|x64
		{C432FD2F-1DD0-455D-8D54-C81184F1DA48}.Debug|x64.Build.0 = Debug|x64
		{C432FD2F-1DD0-455D-8D54-C81184F1DA48}.Release|Win32.ActiveCfg = Release|Win32
		{C432FD2F-1DD0-455D-8D54-C81184F1DA48}.Release|Win32.Build.0 = Release|Win32
		{C432FD2F-1DD0-455D-8D54-C81184F1DA48}.Release|x64.ActiveCfg = Release|x64
		{C432FD2F-1DD0-455D-8D54-C81184F1DA48}.Release|x64.Build.0 = Release|x64
		{58027334-9DBB-489D-9D62-F8D2E3F45904}.Debug|Win32.ActiveCfg = Debug|Win32
		{58027334-9DBB-489D-9D62-F8D2E3F45904}.Debug|Win32.Build.0 = Debug|Win32
		{58027334-9DBB-489D-9D62-F8D2E3F45904}.Debug|x64.ActiveCfg = Debug|x64
		{58027334-9DBB-489D-9D62-F8D2E3F45904}.Debug|x64.Build.0 = Debug|x64
		{58027334-9DBB-489D-9D62-F8D2E3F45904}.Release|Win32.ActiveCfg = Release|Win32
		{58027334-9DBB-489D-9D62-F8D2E3F45904}.Release|Win32.Build.0 = Release|Win32
		{58027334-9DBB-489D-9D62-F8D2E3F45904}.Release|x64.ActiveCfg = Release|x64
		{58027334-9DBB-489D-9D62-F8D2E3F45904}.Release|x64.Build.0 = Release|x64
		{1336CF06-FDE9-4224-AD32-BEE0C32728B8}.Debug|Win32.ActiveCfg = Debug|Win32
		{1336CF06-FDE9-4224-AD32-BEE0C32728B8}.Debug|Win32.Build.0 = Debug|Win32
		{1336CF06-FDE9-4224-AD32-BEE0C32728B8}.Debug|x64.ActiveCfg = Debug|x64
		{1336CF06-FDE9-4224-AD32-BEE0C32728B8}.Debug|x64.Build.0 = Debug|x64
		{1336CF06-FDE9-4224-AD32-BEE0C32728B8}.Release|Win32.ActiveCfg = Release|Win32
		{1336CF06-FDE9-4224-AD32-BEE0C32728B8}.Release|Win32.Build.0 = Release|Win32
		{1336CF06-FDE9-4224-AD32-BEE0C32728B8}.Release|x64.ActiveCfg = Release|x64
		{1336CF06-FDE9-4224-AD32-BEE0C32728B8}.Release|x64.Build.0 = Release|x64
		{105FE1CD-2BF3-4586-A553-70D64A0FBD9A}.Debug|Win32.ActiveCfg = Debug|Win32
		{105FE1CD-2BF3-4586-A553-70D64A0FBD9A}.Debug|Win32.Build.0 = Debug|Win32
		{105FE1CD-2BF3-4586-A553-70D64A0FBD9A}.Debug|x64.ActiveCfg = Debug|x64
		{105FE1CD-2BF3-4586-A553-70D64A0FBD9A}.Debug|x64.Build.0 = Debug|x64
		{105FE1CD-2BF3-4586-A553-70D64A0FBD9A}.Release|Win32.ActiveCfg = Release|Win32
		{105FE1CD-2BF3-4586-A553-70D64A0FBD9A}.Release|Win32.Build.0 = Release|Win32
		{105FE1CD-2BF3-4586-A553-70D64A0FBD9A}.Release|x64.ActiveCfg = Release|x64
		{105FE1CD-2BF3-4586-A553-70D64A0FBD9A}.Release|x64.Build.0 = Release|x64
		{48577C3D-0EF0-4193-B11D-364F24A34843}.Debug|Win32.ActiveCfg = Debug|Win32
		{48577C3D-0EF0-4193-B11D-364F24A34843}.Debug|Win32.Build.0 = Debug|Win32
		{48577C3D-0EF0-4193-B11D-364F24A34843}.Debug|x64.ActiveCfg = Debug|x64
		{48577C3D-0EF0-4193-B11D-364F24A34843}.Debug|x64.Build.0 = Debug|x64
		{48577C3D-0EF0-4193-B11D-364F24A34843}.Release|Win32.ActiveCfg = Release|Win32
		{48577C3D-0EF0-4193-B11D-364F24A34843}.Release|Win32.Build.0 = Release|Win32
		{48577C3D-0EF0-4193-B11D-364F24A34843}.Release|x64.ActiveCfg = Release|x64
		{48577C3D-0EF0-4193-B11D-364F24A34843}.Release|x64.Build.0 = Release|x64
		{16213C87-87D7-41A6-A69A-CF026D43112E}.Debug|Win32.ActiveCfg = Debug|Win32
		{16213C87-87D7-41A6-A69A-CF026D43112E}.Debug|Win32.Build.0 = Debug|Win32
		{16213C87-87D7-41A6-A69A-CF026D43112E}.Debug|x64.ActiveCfg = Debug|x64
		{16213C87-87D7-41A6-A69A-CF026D43112E}.Debug|x64.Build.0 = Debug|x64
		{16213C87-87D7-41A6-A69A-CF026D43112E}.Release|Win32.ActiveCfg = Release|Win32
		{16213C87-87D7-41A6-A69A-CF026D43112E}.Release|Win32.Build.0 = Release|Win32
		{16213C87-87D7-41A6-A69A-CF026D43112E}.Release|x64.ActiveCfg = Release|x64
		{16213C87-87D7-41A6-A69A-CF026D43112E}.Release|x64.Build.0 = Release|x64
	EndGlobalSection
	GlobalSection(SolutionProperties) = preSolution
		HideSolutionNode = FALSE
	EndGlobalSection
	GlobalSection(ExtensibilityGlobals) = postSolution
		SolutionGuid = {2ECA7924-A584-4D1B-8FF9-14053C756AC2}
	EndGlobalSection
EndGlobal
