
Microsoft Visual Studio Solution File, Format Version 12.00
# Visual Studio Version 16
VisualStudioVersion = 16.0.33214.272
MinimumVisualStudioVersion = 10.0.40219.1
Project("{8BC9CEB8-8B4A-11D0-8D11-00A0C91BC942}") = "TestDoDragDrop", "TestDoDragDrop\TestDoDragDrop.vcxproj", "{B34447C7-44FA-4857-B1BD-3E903B26841C}"
EndProject
Project("{8BC9CEB8-8B4A-11D0-8D11-00A0C91BC942}") = "DoDragDropDll", "DoDragDropDll\DoDragDropDll.vcxproj", "{D608408A-9F34-406A-8282-8E9D9212A555}"
EndProject
Global
	GlobalSection(SolutionConfigurationPlatforms) = preSolution
		Debug|x64 = Debug|x64
		Debug|x86 = Debug|x86
		Release|x64 = Release|x64
		Release|x86 = Release|x86
	EndGlobalSection
	GlobalSection(ProjectConfigurationPlatforms) = postSolution
		{B34447C7-44FA-4857-B1BD-3E903B26841C}.Debug|x64.ActiveCfg = Debug|x64
		{B34447C7-44FA-4857-B1BD-3E903B26841C}.Debug|x64.Build.0 = Debug|x64
		{B34447C7-44FA-4857-B1BD-3E903B26841C}.Debug|x86.ActiveCfg = Debug|Win32
		{B34447C7-44FA-4857-B1BD-3E903B26841C}.Debug|x86.Build.0 = Debug|Win32
		{B34447C7-44FA-4857-B1BD-3E903B26841C}.Release|x64.ActiveCfg = Release|x64
		{B34447C7-44FA-4857-B1BD-3E903B26841C}.Release|x64.Build.0 = Release|x64
		{B34447C7-44FA-4857-B1BD-3E903B26841C}.Release|x86.ActiveCfg = Release|Win32
		{B34447C7-44FA-4857-B1BD-3E903B26841C}.Release|x86.Build.0 = Release|Win32
		{D608408A-9F34-406A-8282-8E9D9212A555}.Debug|x64.ActiveCfg = Debug|x64
		{D608408A-9F34-406A-8282-8E9D9212A555}.Debug|x64.Build.0 = Debug|x64
		{D608408A-9F34-406A-8282-8E9D9212A555}.Debug|x86.ActiveCfg = Debug|Win32
		{D608408A-9F34-406A-8282-8E9D9212A555}.Debug|x86.Build.0 = Debug|Win32
		{D608408A-9F34-406A-8282-8E9D9212A555}.Release|x64.ActiveCfg = Release|x64
		{D608408A-9F34-406A-8282-8E9D9212A555}.Release|x64.Build.0 = Release|x64
		{D608408A-9F34-406A-8282-8E9D9212A555}.Release|x86.ActiveCfg = Release|Win32
		{D608408A-9F34-406A-8282-8E9D9212A555}.Release|x86.Build.0 = Release|Win32
	EndGlobalSection
	GlobalSection(SolutionProperties) = preSolution
		HideSolutionNode = FALSE
	EndGlobalSection
	GlobalSection(ExtensibilityGlobals) = postSolution
		SolutionGuid = {46EFB38D-C3D9-4943-8E38-DEF4483CFAD1}
	EndGlobalSection
EndGlobal
